// !$*UTF8*$!
{
	archiveVersion = 1;
	classes = {
	};
	objectVersion = 48;
	objects = {

/* Begin PBXBuildFile section */
		5027543220AC57A9001E0771 /* AppDelegate.swift in Sources */ = {isa = PBXBuildFile; fileRef = 5027543120AC57A9001E0771 /* AppDelegate.swift */; };
		5027543420AC57A9001E0771 /* RecruitMentViewController.swift in Sources */ = {isa = PBXBuildFile; fileRef = 5027543320AC57A9001E0771 /* RecruitMentViewController.swift */; };
		5027543720AC57A9001E0771 /* RecruitMentView.storyboard in Resources */ = {isa = PBXBuildFile; fileRef = 5027543520AC57A9001E0771 /* RecruitMentView.storyboard */; };
		5027543920AC57A9001E0771 /* Assets.xcassets in Resources */ = {isa = PBXBuildFile; fileRef = 5027543820AC57A9001E0771 /* Assets.xcassets */; };
		5027543C20AC57A9001E0771 /* LaunchScreen.storyboard in Resources */ = {isa = PBXBuildFile; fileRef = 5027543A20AC57A9001E0771 /* LaunchScreen.storyboard */; };
		5027544720AC57A9001E0771 /* RecruitmentAppTests.swift in Sources */ = {isa = PBXBuildFile; fileRef = 5027544620AC57A9001E0771 /* RecruitmentAppTests.swift */; };
		5027545220AC57A9001E0771 /* RecruitmentAppUITests.swift in Sources */ = {isa = PBXBuildFile; fileRef = 5027545120AC57A9001E0771 /* RecruitmentAppUITests.swift */; };
/* End PBXBuildFile section */

/* Begin PBXContainerItemProxy section */
		5027544320AC57A9001E0771 /* PBXContainerItemProxy */ = {
			isa = PBXContainerItemProxy;
			containerPortal = 5027542620AC57A8001E0771 /* Project object */;
			proxyType = 1;
			remoteGlobalIDString = 5027542D20AC57A8001E0771;
			remoteInfo = RecruitmentApp;
		};
		5027544E20AC57A9001E0771 /* PBXContainerItemProxy */ = {
			isa = PBXContainerItemProxy;
			containerPortal = 5027542620AC57A8001E0771 /* Project object */;
			proxyType = 1;
			remoteGlobalIDString = 5027542D20AC57A8001E0771;
			remoteInfo = RecruitmentApp;
		};
/* End PBXContainerItemProxy section */

/* Begin PBXFileReference section */
		5027542E20AC57A9001E0771 /* RecruitmentApp.app */ = {isa = PBXFileReference; explicitFileType = wrapper.application; includeInIndex = 0; path = RecruitmentApp.app; sourceTree = BUILT_PRODUCTS_DIR; };
		5027543120AC57A9001E0771 /* AppDelegate.swift */ = {isa = PBXFileReference; lastKnownFileType = sourcecode.swift; path = AppDelegate.swift; sourceTree = "<group>"; };
		5027543320AC57A9001E0771 /* RecruitMentViewController.swift */ = {isa = PBXFileReference; lastKnownFileType = sourcecode.swift; path = RecruitMentViewController.swift; sourceTree = "<group>"; };
		5027543620AC57A9001E0771 /* Base */ = {isa = PBXFileReference; lastKnownFileType = file.storyboard; name = Base; path = Base.lproj/RecruitMentView.storyboard; sourceTree = "<group>"; };
		5027543820AC57A9001E0771 /* Assets.xcassets */ = {isa = PBXFileReference; lastKnownFileType = folder.assetcatalog; path = Assets.xcassets; sourceTree = "<group>"; };
		5027543B20AC57A9001E0771 /* Base */ = {isa = PBXFileReference; lastKnownFileType = file.storyboard; name = Base; path = Base.lproj/LaunchScreen.storyboard; sourceTree = "<group>"; };
		5027543D20AC57A9001E0771 /* Info.plist */ = {isa = PBXFileReference; lastKnownFileType = text.plist.xml; path = Info.plist; sourceTree = "<group>"; };
		5027544220AC57A9001E0771 /* RecruitmentAppTests.xctest */ = {isa = PBXFileReference; explicitFileType = wrapper.cfbundle; includeInIndex = 0; path = RecruitmentAppTests.xctest; sourceTree = BUILT_PRODUCTS_DIR; };
		5027544620AC57A9001E0771 /* RecruitmentAppTests.swift */ = {isa = PBXFileReference; lastKnownFileType = sourcecode.swift; path = RecruitmentAppTests.swift; sourceTree = "<group>"; };
		5027544820AC57A9001E0771 /* Info.plist */ = {isa = PBXFileReference; lastKnownFileType = text.plist.xml; path = Info.plist; sourceTree = "<group>"; };
		5027544D20AC57A9001E0771 /* RecruitmentAppUITests.xctest */ = {isa = PBXFileReference; explicitFileType = wrapper.cfbundle; includeInIndex = 0; path = RecruitmentAppUITests.xctest; sourceTree = BUILT_PRODUCTS_DIR; };
		5027545120AC57A9001E0771 /* RecruitmentAppUITests.swift */ = {isa = PBXFileReference; lastKnownFileType = sourcecode.swift; path = RecruitmentAppUITests.swift; sourceTree = "<group>"; };
		5027545320AC57A9001E0771 /* Info.plist */ = {isa = PBXFileReference; lastKnownFileType = text.plist.xml; path = Info.plist; sourceTree = "<group>"; };
/* End PBXFileReference section */

/* Begin PBXFrameworksBuildPhase section */
		5027542B20AC57A8001E0771 /* Frameworks */ = {
			isa = PBXFrameworksBuildPhase;
			buildActionMask = 2147483647;
			files = (
			);
			runOnlyForDeploymentPostprocessing = 0;
		};
		5027543F20AC57A9001E0771 /* Frameworks */ = {
			isa = PBXFrameworksBuildPhase;
			buildActionMask = 2147483647;
			files = (
			);
			runOnlyForDeploymentPostprocessing = 0;
		};
		5027544A20AC57A9001E0771 /* Frameworks */ = {
			isa = PBXFrameworksBuildPhase;
			buildActionMask = 2147483647;
			files = (
			);
			runOnlyForDeploymentPostprocessing = 0;
		};
/* End PBXFrameworksBuildPhase section */

/* Begin PBXGroup section */
		5027542520AC57A8001E0771 = {
			isa = PBXGroup;
			children = (
				5027543020AC57A9001E0771 /* RecruitmentApp */,
				5027544520AC57A9001E0771 /* RecruitmentAppTests */,
				5027545020AC57A9001E0771 /* RecruitmentAppUITests */,
				5027542F20AC57A9001E0771 /* Products */,
			);
			sourceTree = "<group>";
		};
		5027542F20AC57A9001E0771 /* Products */ = {
			isa = PBXGroup;
			children = (
				5027542E20AC57A9001E0771 /* RecruitmentApp.app */,
				5027544220AC57A9001E0771 /* RecruitmentAppTests.xctest */,
				5027544D20AC57A9001E0771 /* RecruitmentAppUITests.xctest */,
			);
			name = Products;
			sourceTree = "<group>";
		};
		5027543020AC57A9001E0771 /* RecruitmentApp */ = {
			isa = PBXGroup;
			children = (
				5027543120AC57A9001E0771 /* AppDelegate.swift */,
				5027543320AC57A9001E0771 /* RecruitMentViewController.swift */,
				5027543520AC57A9001E0771 /* RecruitMentView.storyboard */,
				5027543820AC57A9001E0771 /* Assets.xcassets */,
				5027543A20AC57A9001E0771 /* LaunchScreen.storyboard */,
				5027543D20AC57A9001E0771 /* Info.plist */,
			);
			path = RecruitmentApp;
			sourceTree = "<group>";
		};
		5027544520AC57A9001E0771 /* RecruitmentAppTests */ = {
			isa = PBXGroup;
			children = (
				5027544620AC57A9001E0771 /* RecruitmentAppTests.swift */,
				5027544820AC57A9001E0771 /* Info.plist */,
			);
			path = RecruitmentAppTests;
			sourceTree = "<group>";
		};
		5027545020AC57A9001E0771 /* RecruitmentAppUITests */ = {
			isa = PBXGroup;
			children = (
				5027545120AC57A9001E0771 /* RecruitmentAppUITests.swift */,
				5027545320AC57A9001E0771 /* Info.plist */,
			);
			path = RecruitmentAppUITests;
			sourceTree = "<group>";
		};
/* End PBXGroup section */

/* Begin PBXNativeTarget section */
		5027542D20AC57A8001E0771 /* RecruitmentApp */ = {
			isa = PBXNativeTarget;
			buildConfigurationList = 5027545620AC57A9001E0771 /* Build configuration list for PBXNativeTarget "RecruitmentApp" */;
			buildPhases = (
				5027542A20AC57A8001E0771 /* Sources */,
				5027542B20AC57A8001E0771 /* Frameworks */,
				5027542C20AC57A8001E0771 /* Resources */,
			);
			buildRules = (
			);
			dependencies = (
			);
			name = RecruitmentApp;
			productName = RecruitmentApp;
			productReference = 5027542E20AC57A9001E0771 /* RecruitmentApp.app */;
			productType = "com.apple.product-type.application";
		};
		5027544120AC57A9001E0771 /* RecruitmentAppTests */ = {
			isa = PBXNativeTarget;
			buildConfigurationList = 5027545920AC57A9001E0771 /* Build configuration list for PBXNativeTarget "RecruitmentAppTests" */;
			buildPhases = (
				5027543E20AC57A9001E0771 /* Sources */,
				5027543F20AC57A9001E0771 /* Frameworks */,
				5027544020AC57A9001E0771 /* Resources */,
			);
			buildRules = (
			);
			dependencies = (
				5027544420AC57A9001E0771 /* PBXTargetDependency */,
			);
			name = RecruitmentAppTests;
			productName = RecruitmentAppTests;
			productReference = 5027544220AC57A9001E0771 /* RecruitmentAppTests.xctest */;
			productType = "com.apple.product-type.bundle.unit-test";
		};
		5027544C20AC57A9001E0771 /* RecruitmentAppUITests */ = {
			isa = PBXNativeTarget;
			buildConfigurationList = 5027545C20AC57A9001E0771 /* Build configuration list for PBXNativeTarget "RecruitmentAppUITests" */;
			buildPhases = (
				5027544920AC57A9001E0771 /* Sources */,
				5027544A20AC57A9001E0771 /* Frameworks */,
				5027544B20AC57A9001E0771 /* Resources */,
			);
			buildRules = (
			);
			dependencies = (
				5027544F20AC57A9001E0771 /* PBXTargetDependency */,
			);
			name = RecruitmentAppUITests;
			productName = RecruitmentAppUITests;
			productReference = 5027544D20AC57A9001E0771 /* RecruitmentAppUITests.xctest */;
			productType = "com.apple.product-type.bundle.ui-testing";
		};
/* End PBXNativeTarget section */

/* Begin PBXProject section */
		5027542620AC57A8001E0771 /* Project object */ = {
			isa = PBXProject;
			attributes = {
				LastSwiftUpdateCheck = 0920;
				LastUpgradeCheck = 0920;
				ORGANIZATIONNAME = "Yuichiro Tsuji";
				TargetAttributes = {
					5027542D20AC57A8001E0771 = {
						CreatedOnToolsVersion = 9.2;
						ProvisioningStyle = Automatic;
					};
					5027544120AC57A9001E0771 = {
						CreatedOnToolsVersion = 9.2;
						ProvisioningStyle = Automatic;
						TestTargetID = 5027542D20AC57A8001E0771;
					};
					5027544C20AC57A9001E0771 = {
						CreatedOnToolsVersion = 9.2;
						ProvisioningStyle = Automatic;
						TestTargetID = 5027542D20AC57A8001E0771;
					};
				};
			};
			buildConfigurationList = 5027542920AC57A8001E0771 /* Build configuration list for PBXProject "RecruitmentApp" */;
			compatibilityVersion = "Xcode 8.0";
			developmentRegion = en;
			hasScannedForEncodings = 0;
			knownRegions = (
				en,
				Base,
			);
			mainGroup = 5027542520AC57A8001E0771;
			productRefGroup = 5027542F20AC57A9001E0771 /* Products */;
			projectDirPath = "";
			projectRoot = "";
			targets = (
				5027542D20AC57A8001E0771 /* RecruitmentApp */,
				5027544120AC57A9001E0771 /* RecruitmentAppTests */,
				5027544C20AC57A9001E0771 /* RecruitmentAppUITests */,
			);
		};
/* End PBXProject section */

/* Begin PBXResourcesBuildPhase section */
		5027542C20AC57A8001E0771 /* Resources */ = {
			isa = PBXResourcesBuildPhase;
			buildActionMask = 2147483647;
			files = (
				5027543C20AC57A9001E0771 /* LaunchScreen.storyboard in Resources */,
				5027543920AC57A9001E0771 /* Assets.xcassets in Resources */,
				5027543720AC57A9001E0771 /* RecruitMentView.storyboard in Resources */,
			);
			runOnlyForDeploymentPostprocessing = 0;
		};
		5027544020AC57A9001E0771 /* Resources */ = {
			isa = PBXResourcesBuildPhase;
			buildActionMask = 2147483647;
			files = (
			);
			runOnlyForDeploymentPostprocessing = 0;
		};
		5027544B20AC57A9001E0771 /* Resources */ = {
			isa = PBXResourcesBuildPhase;
			buildActionMask = 2147483647;
			files = (
			);
			runOnlyForDeploymentPostprocessing = 0;
		};
/* End PBXResourcesBuildPhase section */

/* Begin PBXSourcesBuildPhase section */
		5027542A20AC57A8001E0771 /* Sources */ = {
			isa = PBXSourcesBuildPhase;
			buildActionMask = 2147483647;
			files = (
				5027543420AC57A9001E0771 /* RecruitMentViewController.swift in Sources */,
				5027543220AC57A9001E0771 /* AppDelegate.swift in Sources */,
			);
			runOnlyForDeploymentPostprocessing = 0;
		};
		5027543E20AC57A9001E0771 /* Sources */ = {
			isa = PBXSourcesBuildPhase;
			buildActionMask = 2147483647;
			files = (
				5027544720AC57A9001E0771 /* RecruitmentAppTests.swift in Sources */,
			);
			runOnlyForDeploymentPostprocessing = 0;
		};
		5027544920AC57A9001E0771 /* Sources */ = {
			isa = PBXSourcesBuildPhase;
			buildActionMask = 2147483647;
			files = (
				5027545220AC57A9001E0771 /* RecruitmentAppUITests.swift in Sources */,
			);
			runOnlyForDeploymentPostprocessing = 0;
		};
/* End PBXSourcesBuildPhase section */

/* Begin PBXTargetDependency section */
		5027544420AC57A9001E0771 /* PBXTargetDependency */ = {
			isa = PBXTargetDependency;
			target = 5027542D20AC57A8001E0771 /* RecruitmentApp */;
			targetProxy = 5027544320AC57A9001E0771 /* PBXContainerItemProxy */;
		};
		5027544F20AC57A9001E0771 /* PBXTargetDependency */ = {
			isa = PBXTargetDependency;
			target = 5027542D20AC57A8001E0771 /* RecruitmentApp */;
			targetProxy = 5027544E20AC57A9001E0771 /* PBXContainerItemProxy */;
		};
/* End PBXTargetDependency section */

/* Begin PBXVariantGroup section */
		5027543520AC57A9001E0771 /* RecruitMentView.storyboard */ = {
			isa = PBXVariantGroup;
			children = (
				5027543620AC57A9001E0771 /* Base */,
			);
			name = RecruitMentView.storyboard;
			sourceTree = "<group>";
		};
		5027543A20AC57A9001E0771 /* LaunchScreen.storyboard */ = {
			isa = PBXVariantGroup;
			children = (
				5027543B20AC57A9001E0771 /* Base */,
			);
			name = LaunchScreen.storyboard;
			sourceTree = "<group>";
		};
/* End PBXVariantGroup section */

/* Begin XCBuildConfiguration section */
		5027545420AC57A9001E0771 /* Debug */ = {
			isa = XCBuildConfiguration;
			buildSettings = {
				ALWAYS_SEARCH_USER_PATHS = NO;
				CLANG_ANALYZER_NONNULL = YES;
				CLANG_ANALYZER_NUMBER_OBJECT_CONVERSION = YES_AGGRESSIVE;
				CLANG_CXX_LANGUAGE_STANDARD = "gnu++14";
				CLANG_CXX_LIBRARY = "libc++";
				CLANG_ENABLE_MODULES = YES;
				CLANG_ENABLE_OBJC_ARC = YES;
				CLANG_WARN_BLOCK_CAPTURE_AUTORELEASING = YES;
				CLANG_WARN_BOOL_CONVERSION = YES;
				CLANG_WARN_COMMA = YES;
				CLANG_WARN_CONSTANT_CONVERSION = YES;
				CLANG_WARN_DIRECT_OBJC_ISA_USAGE = YES_ERROR;
				CLANG_WARN_DOCUMENTATION_COMMENTS = YES;
				CLANG_WARN_EMPTY_BODY = YES;
				CLANG_WARN_ENUM_CONVERSION = YES;
				CLANG_WARN_INFINITE_RECURSION = YES;
				CLANG_WARN_INT_CONVERSION = YES;
				CLANG_WARN_NON_LITERAL_NULL_CONVERSION = YES;
				CLANG_WARN_OBJC_LITERAL_CONVERSION = YES;
				CLANG_WARN_OBJC_ROOT_CLASS = YES_ERROR;
				CLANG_WARN_RANGE_LOOP_ANALYSIS = YES;
				CLANG_WARN_STRICT_PROTOTYPES = YES;
				CLANG_WARN_SUSPICIOUS_MOVE = YES;
				CLANG_WARN_UNGUARDED_AVAILABILITY = YES_AGGRESSIVE;
				CLANG_WARN_UNREACHABLE_CODE = YES;
				CLANG_WARN__DUPLICATE_METHOD_MATCH = YES;
				CODE_SIGN_IDENTITY = "iPhone Developer";
				COPY_PHASE_STRIP = NO;
				DEBUG_INFORMATION_FORMAT = dwarf;
				ENABLE_STRICT_OBJC_MSGSEND = YES;
				ENABLE_TESTABILITY = YES;
				GCC_C_LANGUAGE_STANDARD = gnu11;
				GCC_DYNAMIC_NO_PIC = NO;
				GCC_NO_COMMON_BLOCKS = YES;
				GCC_OPTIMIZATION_LEVEL = 0;
				GCC_PREPROCESSOR_DEFINITIONS = (
					"DEBUG=1",
					"$(inherited)",
				);
				GCC_WARN_64_TO_32_BIT_CONVERSION = YES;
				GCC_WARN_ABOUT_RETURN_TYPE = YES_ERROR;
				GCC_WARN_UNDECLARED_SELECTOR = YES;
				GCC_WARN_UNINITIALIZED_AUTOS = YES_AGGRESSIVE;
				GCC_WARN_UNUSED_FUNCTION = YES;
				GCC_WARN_UNUSED_VARIABLE = YES;
				IPHONEOS_DEPLOYMENT_TARGET = 11.2;
				MTL_ENABLE_DEBUG_INFO = YES;
				ONLY_ACTIVE_ARCH = YES;
				SDKROOT = iphoneos;
				SWIFT_ACTIVE_COMPILATION_CONDITIONS = DEBUG;
				SWIFT_OPTIMIZATION_LEVEL = "-Onone";
			};
			name = Debug;
		};
		5027545520AC57A9001E0771 /* Release */ = {
			isa = XCBuildConfiguration;
			buildSettings = {
				ALWAYS_SEARCH_USER_PATHS = NO;
				CLANG_ANALYZER_NONNULL = YES;
				CLANG_ANALYZER_NUMBER_OBJECT_CONVERSION = YES_AGGRESSIVE;
				CLANG_CXX_LANGUAGE_STANDARD = "gnu++14";
				CLANG_CXX_LIBRARY = "libc++";
				CLANG_ENABLE_MODULES = YES;
				CLANG_ENABLE_OBJC_ARC = YES;
				CLANG_WARN_BLOCK_CAPTURE_AUTORELEASING = YES;
				CLANG_WARN_BOOL_CONVERSION = YES;
				CLANG_WARN_COMMA = YES;
				CLANG_WARN_CONSTANT_CONVERSION = YES;
				CLANG_WARN_DIRECT_OBJC_ISA_USAGE = YES_ERROR;
				CLANG_WARN_DOCUMENTATION_COMMENTS = YES;
				CLANG_WARN_EMPTY_BODY = YES;
				CLANG_WARN_ENUM_CONVERSION = YES;
				CLANG_WARN_INFINITE_RECURSION = YES;
				CLANG_WARN_INT_CONVERSION = YES;
				CLANG_WARN_NON_LITERAL_NULL_CONVERSION = YES;
				CLANG_WARN_OBJC_LITERAL_CONVERSION = YES;
				CLANG_WARN_OBJC_ROOT_CLASS = YES_ERROR;
				CLANG_WARN_RANGE_LOOP_ANALYSIS = YES;
				CLANG_WARN_STRICT_PROTOTYPES = YES;
				CLANG_WARN_SUSPICIOUS_MOVE = YES;
				CLANG_WARN_UNGUARDED_AVAILABILITY = YES_AGGRESSIVE;
				CLANG_WARN_UNREACHABLE_CODE = YES;
				CLANG_WARN__DUPLICATE_METHOD_MATCH = YES;
				CODE_SIGN_IDENTITY = "iPhone Developer";
				COPY_PHASE_STRIP = NO;
				DEBUG_INFORMATION_FORMAT = "dwarf-with-dsym";
				ENABLE_NS_ASSERTIONS = NO;
				ENABLE_STRICT_OBJC_MSGSEND = YES;
				GCC_C_LANGUAGE_STANDARD = gnu11;
				GCC_NO_COMMON_BLOCKS = YES;
				GCC_WARN_64_TO_32_BIT_CONVERSION = YES;
				GCC_WARN_ABOUT_RETURN_TYPE = YES_ERROR;
				GCC_WARN_UNDECLARED_SELECTOR = YES;
				GCC_WARN_UNINITIALIZED_AUTOS = YES_AGGRESSIVE;
				GCC_WARN_UNUSED_FUNCTION = YES;
				GCC_WARN_UNUSED_VARIABLE = YES;
				IPHONEOS_DEPLOYMENT_TARGET = 11.2;
				MTL_ENABLE_DEBUG_INFO = NO;
				SDKROOT = iphoneos;
				SWIFT_OPTIMIZATION_LEVEL = "-Owholemodule";
				VALIDATE_PRODUCT = YES;
			};
			name = Release;
		};
		5027545720AC57A9001E0771 /* Debug */ = {
			isa = XCBuildConfiguration;
			buildSettings = {
				ASSETCATALOG_COMPILER_APPICON_NAME = AppIcon;
				CODE_SIGN_STYLE = Automatic;
				DEVELOPMENT_TEAM = HAQNZZYPKJ;
				INFOPLIST_FILE = RecruitmentApp/Info.plist;
				LD_RUNPATH_SEARCH_PATHS = "$(inherited) @executable_path/Frameworks";
				PRODUCT_BUNDLE_IDENTIFIER = com.swift.RecruitmentApp;
				PRODUCT_NAME = "$(TARGET_NAME)";
				SWIFT_VERSION = 4.0;
				TARGETED_DEVICE_FAMILY = "1,2";
			};
			name = Debug;
		};
		5027545820AC57A9001E0771 /* Release */ = {
			isa = XCBuildConfiguration;
			buildSettings = {
				ASSETCATALOG_COMPILER_APPICON_NAME = AppIcon;
				CODE_SIGN_STYLE = Automatic;
				DEVELOPMENT_TEAM = HAQNZZYPKJ;
				INFOPLIST_FILE = RecruitmentApp/Info.plist;
				LD_RUNPATH_SEARCH_PATHS = "$(inherited) @executable_path/Frameworks";
				PRODUCT_BUNDLE_IDENTIFIER = com.swift.RecruitmentApp;
				PRODUCT_NAME = "$(TARGET_NAME)";
				SWIFT_VERSION = 4.0;
				TARGETED_DEVICE_FAMILY = "1,2";
			};
			name = Release;
		};
		5027545A20AC57A9001E0771 /* Debug */ = {
			isa = XCBuildConfiguration;
			buildSettings = {
				ALWAYS_EMBED_SWIFT_STANDARD_LIBRARIES = YES;
				BUNDLE_LOADER = "$(TEST_HOST)";
				CODE_SIGN_STYLE = Automatic;
				DEVELOPMENT_TEAM = HAQNZZYPKJ;
				INFOPLIST_FILE = RecruitmentAppTests/Info.plist;
				LD_RUNPATH_SEARCH_PATHS = "$(inherited) @executable_path/Frameworks @loader_path/Frameworks";
				PRODUCT_BUNDLE_IDENTIFIER = com.swift.RecruitmentAppTests;
				PRODUCT_NAME = "$(TARGET_NAME)";
				SWIFT_VERSION = 4.0;
				TARGETED_DEVICE_FAMILY = "1,2";
				TEST_HOST = "$(BUILT_PRODUCTS_DIR)/RecruitmentApp.app/RecruitmentApp";
			};
			name = Debug;
		};
		5027545B20AC57A9001E0771 /* Release */ = {
			isa = XCBuildConfiguration;
			buildSettings = {
				ALWAYS_EMBED_SWIFT_STANDARD_LIBRARIES = YES;
				BUNDLE_LOADER = "$(TEST_HOST)";
				CODE_SIGN_STYLE = Automatic;
				DEVELOPMENT_TEAM = HAQNZZYPKJ;
				INFOPLIST_FILE = RecruitmentAppTests/Info.plist;
				LD_RUNPATH_SEARCH_PATHS = "$(inherited) @executable_path/Frameworks @loader_path/Frameworks";
				PRODUCT_BUNDLE_IDENTIFIER = com.swift.RecruitmentAppTests;
				PRODUCT_NAME = "$(TARGET_NAME)";
				SWIFT_VERSION = 4.0;
				TARGETED_DEVICE_FAMILY = "1,2";
				TEST_HOST = "$(BUILT_PRODUCTS_DIR)/RecruitmentApp.app/RecruitmentApp";
			};
			name = Release;
		};
		5027545D20AC57A9001E0771 /* Debug */ = {
			isa = XCBuildConfiguration;
			buildSettings = {
				ALWAYS_EMBED_SWIFT_STANDARD_LIBRARIES = YES;
				CODE_SIGN_STYLE = Automatic;
				DEVELOPMENT_TEAM = HAQNZZYPKJ;
				INFOPLIST_FILE = RecruitmentAppUITests/Info.plist;
				LD_RUNPATH_SEARCH_PATHS = "$(inherited) @executable_path/Frameworks @loader_path/Frameworks";
				PRODUCT_BUNDLE_IDENTIFIER = com.swift.RecruitmentAppUITests;
				PRODUCT_NAME = "$(TARGET_NAME)";
				SWIFT_VERSION = 4.0;
				TARGETED_DEVICE_FAMILY = "1,2";
				TEST_TARGET_NAME = RecruitmentApp;
			};
			name = Debug;
		};
		5027545E20AC57A9001E0771 /* Release */ = {
			isa = XCBuildConfiguration;
			buildSettings = {
				ALWAYS_EMBED_SWIFT_STANDARD_LIBRARIES = YES;
				CODE_SIGN_STYLE = Automatic;
				DEVELOPMENT_TEAM = HAQNZZYPKJ;
				INFOPLIST_FILE = RecruitmentAppUITests/Info.plist;
				LD_RUNPATH_SEARCH_PATHS = "$(inherited) @executable_path/Frameworks @loader_path/Frameworks";
				PRODUCT_BUNDLE_IDENTIFIER = com.swift.RecruitmentAppUITests;
				PRODUCT_NAME = "$(TARGET_NAME)";
				SWIFT_VERSION = 4.0;
				TARGETED_DEVICE_FAMILY = "1,2";
				TEST_TARGET_NAME = RecruitmentApp;
			};
			name = Release;
		};
/* End XCBuildConfiguration section */

/* Begin XCConfigurationList section */
		5027542920AC57A8001E0771 /* Build configuration list for PBXProject "RecruitmentApp" */ = {
			isa = XCConfigurationList;
			buildConfigurations = (
				5027545420AC57A9001E0771 /* Debug */,
				5027545520AC57A9001E0771 /* Release */,
			);
			defaultConfigurationIsVisible = 0;
			defaultConfigurationName = Release;
		};
		5027545620AC57A9001E0771 /* Build configuration list for PBXNativeTarget "RecruitmentApp" */ = {
			isa = XCConfigurationList;
			buildConfigurations = (
				5027545720AC57A9001E0771 /* Debug */,
				5027545820AC57A9001E0771 /* Release */,
			);
			defaultConfigurationIsVisible = 0;
			defaultConfigurationName = Release;
		};
		5027545920AC57A9001E0771 /* Build configuration list for PBXNativeTarget "RecruitmentAppTests" */ = {
			isa = XCConfigurationList;
			buildConfigurations = (
				5027545A20AC57A9001E0771 /* Debug */,
				5027545B20AC57A9001E0771 /* Release */,
			);
			defaultConfigurationIsVisible = 0;
			defaultConfigurationName = Release;
		};
		5027545C20AC57A9001E0771 /* Build configuration list for PBXNativeTarget "RecruitmentAppUITests" */ = {
			isa = XCConfigurationList;
			buildConfigurations = (
				5027545D20AC57A9001E0771 /* Debug */,
				5027545E20AC57A9001E0771 /* Release */,
			);
			defaultConfigurationIsVisible = 0;
			defaultConfigurationName = Release;
		};
/* End XCConfigurationList section */
	};
	rootObject = 5027542620AC57A8001E0771 /* Project object */;
}
